// !$*UTF8*$!
{
	archiveVersion = 1;
	classes = {
	};
	objectVersion = 56;
	objects = {

/* Begin PBXBuildFile section */
		E9DBAE5B29AD67DA008B65E0 /* AppDelegate.swift in Sources */ = {isa = PBXBuildFile; fileRef = E9DBAE5A29AD67DA008B65E0 /* AppDelegate.swift */; };
		E9DBAE5D29AD67DA008B65E0 /* SceneDelegate.swift in Sources */ = {isa = PBXBuildFile; fileRef = E9DBAE5C29AD67DA008B65E0 /* SceneDelegate.swift */; };
		E9DBAE5F29AD67DA008B65E0 /* ContactsViewController.swift in Sources */ = {isa = PBXBuildFile; fileRef = E9DBAE5E29AD67DA008B65E0 /* ContactsViewController.swift */; };
		E9DBAE6229AD67DA008B65E0 /* Main.storyboard in Resources */ = {isa = PBXBuildFile; fileRef = E9DBAE6029AD67DA008B65E0 /* Main.storyboard */; };
		E9DBAE6529AD67DA008B65E0 /* Contacts.xcdatamodeld in Sources */ = {isa = PBXBuildFile; fileRef = E9DBAE6329AD67DA008B65E0 /* Contacts.xcdatamodeld */; };
		E9DBAE6729AD67DB008B65E0 /* Assets.xcassets in Resources */ = {isa = PBXBuildFile; fileRef = E9DBAE6629AD67DB008B65E0 /* Assets.xcassets */; };
		E9DBAE6A29AD67DB008B65E0 /* LaunchScreen.storyboard in Resources */ = {isa = PBXBuildFile; fileRef = E9DBAE6829AD67DB008B65E0 /* LaunchScreen.storyboard */; };
		E9DBAE7329AD6874008B65E0 /* Contact+CoreDataClass.swift in Sources */ = {isa = PBXBuildFile; fileRef = E9DBAE7129AD6874008B65E0 /* Contact+CoreDataClass.swift */; };
		E9DBAE7429AD6874008B65E0 /* Contact+CoreDataProperties.swift in Sources */ = {isa = PBXBuildFile; fileRef = E9DBAE7229AD6874008B65E0 /* Contact+CoreDataProperties.swift */; };
		E9DBAE7A29AD6EC3008B65E0 /* CustomTextField.swift in Sources */ = {isa = PBXBuildFile; fileRef = E9DBAE7929AD6EC3008B65E0 /* CustomTextField.swift */; };
		E9DBAE7D29AD70AF008B65E0 /* ContactTableViewCell.swift in Sources */ = {isa = PBXBuildFile; fileRef = E9DBAE7B29AD70AF008B65E0 /* ContactTableViewCell.swift */; };
		E9DBAE7E29AD70AF008B65E0 /* ContactTableViewCell.xib in Resources */ = {isa = PBXBuildFile; fileRef = E9DBAE7C29AD70AF008B65E0 /* ContactTableViewCell.xib */; };
/* End PBXBuildFile section */

/* Begin PBXFileReference section */
		E9DBAE5729AD67DA008B65E0 /* Contacts.app */ = {isa = PBXFileReference; explicitFileType = wrapper.application; includeInIndex = 0; path = Contacts.app; sourceTree = BUILT_PRODUCTS_DIR; };
		E9DBAE5A29AD67DA008B65E0 /* AppDelegate.swift */ = {isa = PBXFileReference; lastKnownFileType = sourcecode.swift; path = AppDelegate.swift; sourceTree = "<group>"; };
		E9DBAE5C29AD67DA008B65E0 /* SceneDelegate.swift */ = {isa = PBXFileReference; lastKnownFileType = sourcecode.swift; path = SceneDelegate.swift; sourceTree = "<group>"; };
		E9DBAE5E29AD67DA008B65E0 /* ContactsViewController.swift */ = {isa = PBXFileReference; lastKnownFileType = sourcecode.swift; path = ContactsViewController.swift; sourceTree = "<group>"; };
		E9DBAE6129AD67DA008B65E0 /* Base */ = {isa = PBXFileReference; lastKnownFileType = file.storyboard; name = Base; path = Base.lproj/Main.storyboard; sourceTree = "<group>"; };
		E9DBAE6429AD67DA008B65E0 /* Contacts.xcdatamodel */ = {isa = PBXFileReference; lastKnownFileType = wrapper.xcdatamodel; path = Contacts.xcdatamodel; sourceTree = "<group>"; };
		E9DBAE6629AD67DB008B65E0 /* Assets.xcassets */ = {isa = PBXFileReference; lastKnownFileType = folder.assetcatalog; path = Assets.xcassets; sourceTree = "<group>"; };
		E9DBAE6929AD67DB008B65E0 /* Base */ = {isa = PBXFileReference; lastKnownFileType = file.storyboard; name = Base; path = Base.lproj/LaunchScreen.storyboard; sourceTree = "<group>"; };
		E9DBAE6B29AD67DB008B65E0 /* Info.plist */ = {isa = PBXFileReference; lastKnownFileType = text.plist.xml; path = Info.plist; sourceTree = "<group>"; };
		E9DBAE7129AD6874008B65E0 /* Contact+CoreDataClass.swift */ = {isa = PBXFileReference; lastKnownFileType = sourcecode.swift; path = "Contact+CoreDataClass.swift"; sourceTree = "<group>"; };
		E9DBAE7229AD6874008B65E0 /* Contact+CoreDataProperties.swift */ = {isa = PBXFileReference; lastKnownFileType = sourcecode.swift; path = "Contact+CoreDataProperties.swift"; sourceTree = "<group>"; };
		E9DBAE7929AD6EC3008B65E0 /* CustomTextField.swift */ = {isa = PBXFileReference; lastKnownFileType = sourcecode.swift; path = CustomTextField.swift; sourceTree = "<group>"; };
		E9DBAE7B29AD70AF008B65E0 /* ContactTableViewCell.swift */ = {isa = PBXFileReference; lastKnownFileType = sourcecode.swift; path = ContactTableViewCell.swift; sourceTree = "<group>"; };
		E9DBAE7C29AD70AF008B65E0 /* ContactTableViewCell.xib */ = {isa = PBXFileReference; lastKnownFileType = file.xib; path = ContactTableViewCell.xib; sourceTree = "<group>"; };
/* End PBXFileReference section */

/* Begin PBXFrameworksBuildPhase section */
		E9DBAE5429AD67DA008B65E0 /* Frameworks */ = {
			isa = PBXFrameworksBuildPhase;
			buildActionMask = 2147483647;
			files = (
			);
			runOnlyForDeploymentPostprocessing = 0;
		};
/* End PBXFrameworksBuildPhase section */

/* Begin PBXGroup section */
		E9DBAE4E29AD67DA008B65E0 = {
			isa = PBXGroup;
			children = (
				E9DBAE5929AD67DA008B65E0 /* Contacts */,
				E9DBAE5829AD67DA008B65E0 /* Products */,
			);
			sourceTree = "<group>";
		};
		E9DBAE5829AD67DA008B65E0 /* Products */ = {
			isa = PBXGroup;
			children = (
				E9DBAE5729AD67DA008B65E0 /* Contacts.app */,
			);
			name = Products;
			sourceTree = "<group>";
		};
		E9DBAE5929AD67DA008B65E0 /* Contacts */ = {
			isa = PBXGroup;
			children = (
				E9DBAE7529AD6895008B65E0 /* Model */,
				E9DBAE7729AD68B9008B65E0 /* Controller */,
				E9DBAE7629AD68AF008B65E0 /* View */,
				E9DBAE7F29AD7740008B65E0 /* ContactCustomCell */,
				E9DBAE7829AD68CD008B65E0 /* HelpingFiles */,
				E9DBAE6B29AD67DB008B65E0 /* Info.plist */,
				E9DBAE6329AD67DA008B65E0 /* Contacts.xcdatamodeld */,
			);
			path = Contacts;
			sourceTree = "<group>";
		};
		E9DBAE7529AD6895008B65E0 /* Model */ = {
			isa = PBXGroup;
			children = (
				E9DBAE7129AD6874008B65E0 /* Contact+CoreDataClass.swift */,
				E9DBAE7229AD6874008B65E0 /* Contact+CoreDataProperties.swift */,
			);
			path = Model;
			sourceTree = "<group>";
		};
		E9DBAE7629AD68AF008B65E0 /* View */ = {
			isa = PBXGroup;
			children = (
				E9DBAE6029AD67DA008B65E0 /* Main.storyboard */,
				E9DBAE6829AD67DB008B65E0 /* LaunchScreen.storyboard */,
				E9DBAE7929AD6EC3008B65E0 /* CustomTextField.swift */,
			);
			path = View;
			sourceTree = "<group>";
		};
		E9DBAE7729AD68B9008B65E0 /* Controller */ = {
			isa = PBXGroup;
			children = (
				E9DBAE5E29AD67DA008B65E0 /* ContactsViewController.swift */,
			);
			path = Controller;
			sourceTree = "<group>";
		};
		E9DBAE7829AD68CD008B65E0 /* HelpingFiles */ = {
			isa = PBXGroup;
			children = (
				E9DBAE6629AD67DB008B65E0 /* Assets.xcassets */,
				E9DBAE5A29AD67DA008B65E0 /* AppDelegate.swift */,
				E9DBAE5C29AD67DA008B65E0 /* SceneDelegate.swift */,
			);
			path = HelpingFiles;
			sourceTree = "<group>";
		};
		E9DBAE7F29AD7740008B65E0 /* ContactCustomCell */ = {
			isa = PBXGroup;
			children = (
				E9DBAE7B29AD70AF008B65E0 /* ContactTableViewCell.swift */,
				E9DBAE7C29AD70AF008B65E0 /* ContactTableViewCell.xib */,
			);
			path = ContactCustomCell;
			sourceTree = "<group>";
		};
/* End PBXGroup section */

/* Begin PBXNativeTarget section */
		E9DBAE5629AD67DA008B65E0 /* Contacts */ = {
			isa = PBXNativeTarget;
			buildConfigurationList = E9DBAE6E29AD67DB008B65E0 /* Build configuration list for PBXNativeTarget "Contacts" */;
			buildPhases = (
				E9DBAE5329AD67DA008B65E0 /* Sources */,
				E9DBAE5429AD67DA008B65E0 /* Frameworks */,
				E9DBAE5529AD67DA008B65E0 /* Resources */,
			);
			buildRules = (
			);
			dependencies = (
			);
			name = Contacts;
			productName = Contacts;
			productReference = E9DBAE5729AD67DA008B65E0 /* Contacts.app */;
			productType = "com.apple.product-type.application";
		};
/* End PBXNativeTarget section */

/* Begin PBXProject section */
		E9DBAE4F29AD67DA008B65E0 /* Project object */ = {
			isa = PBXProject;
			attributes = {
				BuildIndependentTargetsInParallel = 1;
				LastSwiftUpdateCheck = 1420;
				LastUpgradeCheck = 1420;
				TargetAttributes = {
					E9DBAE5629AD67DA008B65E0 = {
						CreatedOnToolsVersion = 14.2;
					};
				};
			};
			buildConfigurationList = E9DBAE5229AD67DA008B65E0 /* Build configuration list for PBXProject "Contacts" */;
			compatibilityVersion = "Xcode 14.0";
			developmentRegion = en;
			hasScannedForEncodings = 0;
			knownRegions = (
				en,
				Base,
			);
			mainGroup = E9DBAE4E29AD67DA008B65E0;
			productRefGroup = E9DBAE5829AD67DA008B65E0 /* Products */;
			projectDirPath = "";
			projectRoot = "";
			targets = (
				E9DBAE5629AD67DA008B65E0 /* Contacts */,
			);
		};
/* End PBXProject section */

/* Begin PBXResourcesBuildPhase section */
		E9DBAE5529AD67DA008B65E0 /* Resources */ = {
			isa = PBXResourcesBuildPhase;
			buildActionMask = 2147483647;
			files = (
				E9DBAE7E29AD70AF008B65E0 /* ContactTableViewCell.xib in Resources */,
				E9DBAE6A29AD67DB008B65E0 /* LaunchScreen.storyboard in Resources */,
				E9DBAE6729AD67DB008B65E0 /* Assets.xcassets in Resources */,
				E9DBAE6229AD67DA008B65E0 /* Main.storyboard in Resources */,
			);
			runOnlyForDeploymentPostprocessing = 0;
		};
/* End PBXResourcesBuildPhase section */

/* Begin PBXSourcesBuildPhase section */
		E9DBAE5329AD67DA008B65E0 /* Sources */ = {
			isa = PBXSourcesBuildPhase;
			buildActionMask = 2147483647;
			files = (
				E9DBAE7A29AD6EC3008B65E0 /* CustomTextField.swift in Sources */,
				E9DBAE7429AD6874008B65E0 /* Contact+CoreDataProperties.swift in Sources */,
				E9DBAE6529AD67DA008B65E0 /* Contacts.xcdatamodeld in Sources */,
				E9DBAE5F29AD67DA008B65E0 /* ContactsViewController.swift in Sources */,
				E9DBAE7D29AD70AF008B65E0 /* ContactTableViewCell.swift in Sources */,
				E9DBAE5B29AD67DA008B65E0 /* AppDelegate.swift in Sources */,
				E9DBAE5D29AD67DA008B65E0 /* SceneDelegate.swift in Sources */,
				E9DBAE7329AD6874008B65E0 /* Contact+CoreDataClass.swift in Sources */,
			);
			runOnlyForDeploymentPostprocessing = 0;
		};
/* End PBXSourcesBuildPhase section */

/* Begin PBXVariantGroup section */
		E9DBAE6029AD67DA008B65E0 /* Main.storyboard */ = {
			isa = PBXVariantGroup;
			children = (
				E9DBAE6129AD67DA008B65E0 /* Base */,
			);
			name = Main.storyboard;
			sourceTree = "<group>";
		};
		E9DBAE6829AD67DB008B65E0 /* LaunchScreen.storyboard */ = {
			isa = PBXVariantGroup;
			children = (
				E9DBAE6929AD67DB008B65E0 /* Base */,
			);
			name = LaunchScreen.storyboard;
			sourceTree = "<group>";
		};
/* End PBXVariantGroup section */

/* Begin XCBuildConfiguration section */
		E9DBAE6C29AD67DB008B65E0 /* Debug */ = {
			isa = XCBuildConfiguration;
			buildSettings = {
				ALWAYS_SEARCH_USER_PATHS = NO;
				CLANG_ANALYZER_NONNULL = YES;
				CLANG_ANALYZER_NUMBER_OBJECT_CONVERSION = YES_AGGRESSIVE;
				CLANG_CXX_LANGUAGE_STANDARD = "gnu++20";
				CLANG_ENABLE_MODULES = YES;
				CLANG_ENABLE_OBJC_ARC = YES;
				CLANG_ENABLE_OBJC_WEAK = YES;
				CLANG_WARN_BLOCK_CAPTURE_AUTORELEASING = YES;
				CLANG_WARN_BOOL_CONVERSION = YES;
				CLANG_WARN_COMMA = YES;
				CLANG_WARN_CONSTANT_CONVERSION = YES;
				CLANG_WARN_DEPRECATED_OBJC_IMPLEMENTATIONS = YES;
				CLANG_WARN_DIRECT_OBJC_ISA_USAGE = YES_ERROR;
				CLANG_WARN_DOCUMENTATION_COMMENTS = YES;
				CLANG_WARN_EMPTY_BODY = YES;
				CLANG_WARN_ENUM_CONVERSION = YES;
				CLANG_WARN_INFINITE_RECURSION = YES;
				CLANG_WARN_INT_CONVERSION = YES;
				CLANG_WARN_NON_LITERAL_NULL_CONVERSION = YES;
				CLANG_WARN_OBJC_IMPLICIT_RETAIN_SELF = YES;
				CLANG_WARN_OBJC_LITERAL_CONVERSION = YES;
				CLANG_WARN_OBJC_ROOT_CLASS = YES_ERROR;
				CLANG_WARN_QUOTED_INCLUDE_IN_FRAMEWORK_HEADER = YES;
				CLANG_WARN_RANGE_LOOP_ANALYSIS = YES;
				CLANG_WARN_STRICT_PROTOTYPES = YES;
				CLANG_WARN_SUSPICIOUS_MOVE = YES;
				CLANG_WARN_UNGUARDED_AVAILABILITY = YES_AGGRESSIVE;
				CLANG_WARN_UNREACHABLE_CODE = YES;
				CLANG_WARN__DUPLICATE_METHOD_MATCH = YES;
				COPY_PHASE_STRIP = NO;
				DEBUG_INFORMATION_FORMAT = dwarf;
				ENABLE_STRICT_OBJC_MSGSEND = YES;
				ENABLE_TESTABILITY = YES;
				GCC_C_LANGUAGE_STANDARD = gnu11;
				GCC_DYNAMIC_NO_PIC = NO;
				GCC_NO_COMMON_BLOCKS = YES;
				GCC_OPTIMIZATION_LEVEL = 0;
				GCC_PREPROCESSOR_DEFINITIONS = (
					"DEBUG=1",
					"$(inherited)",
				);
				GCC_WARN_64_TO_32_BIT_CONVERSION = YES;
				GCC_WARN_ABOUT_RETURN_TYPE = YES_ERROR;
				GCC_WARN_UNDECLARED_SELECTOR = YES;
				GCC_WARN_UNINITIALIZED_AUTOS = YES_AGGRESSIVE;
				GCC_WARN_UNUSED_FUNCTION = YES;
				GCC_WARN_UNUSED_VARIABLE = YES;
				IPHONEOS_DEPLOYMENT_TARGET = 16.2;
				MTL_ENABLE_DEBUG_INFO = INCLUDE_SOURCE;
				MTL_FAST_MATH = YES;
				ONLY_ACTIVE_ARCH = YES;
				SDKROOT = iphoneos;
				SWIFT_ACTIVE_COMPILATION_CONDITIONS = DEBUG;
				SWIFT_OPTIMIZATION_LEVEL = "-Onone";
			};
			name = Debug;
		};
		E9DBAE6D29AD67DB008B65E0 /* Release */ = {
			isa = XCBuildConfiguration;
			buildSettings = {
				ALWAYS_SEARCH_USER_PATHS = NO;
				CLANG_ANALYZER_NONNULL = YES;
				CLANG_ANALYZER_NUMBER_OBJECT_CONVERSION = YES_AGGRESSIVE;
				CLANG_CXX_LANGUAGE_STANDARD = "gnu++20";
				CLANG_ENABLE_MODULES = YES;
				CLANG_ENABLE_OBJC_ARC = YES;
				CLANG_ENABLE_OBJC_WEAK = YES;
				CLANG_WARN_BLOCK_CAPTURE_AUTORELEASING = YES;
				CLANG_WARN_BOOL_CONVERSION = YES;
				CLANG_WARN_COMMA = YES;
				CLANG_WARN_CONSTANT_CONVERSION = YES;
				CLANG_WARN_DEPRECATED_OBJC_IMPLEMENTATIONS = YES;
				CLANG_WARN_DIRECT_OBJC_ISA_USAGE = YES_ERROR;
				CLANG_WARN_DOCUMENTATION_COMMENTS = YES;
				CLANG_WARN_EMPTY_BODY = YES;
				CLANG_WARN_ENUM_CONVERSION = YES;
				CLANG_WARN_INFINITE_RECURSION = YES;
				CLANG_WARN_INT_CONVERSION = YES;
				CLANG_WARN_NON_LITERAL_NULL_CONVERSION = YES;
				CLANG_WARN_OBJC_IMPLICIT_RETAIN_SELF = YES;
				CLANG_WARN_OBJC_LITERAL_CONVERSION = YES;
				CLANG_WARN_OBJC_ROOT_CLASS = YES_ERROR;
				CLANG_WARN_QUOTED_INCLUDE_IN_FRAMEWORK_HEADER = YES;
				CLANG_WARN_RANGE_LOOP_ANALYSIS = YES;
				CLANG_WARN_STRICT_PROTOTYPES = YES;
				CLANG_WARN_SUSPICIOUS_MOVE = YES;
				CLANG_WARN_UNGUARDED_AVAILABILITY = YES_AGGRESSIVE;
				CLANG_WARN_UNREACHABLE_CODE = YES;
				CLANG_WARN__DUPLICATE_METHOD_MATCH = YES;
				COPY_PHASE_STRIP = NO;
				DEBUG_INFORMATION_FORMAT = "dwarf-with-dsym";
				ENABLE_NS_ASSERTIONS = NO;
				ENABLE_STRICT_OBJC_MSGSEND = YES;
				GCC_C_LANGUAGE_STANDARD = gnu11;
				GCC_NO_COMMON_BLOCKS = YES;
				GCC_WARN_64_TO_32_BIT_CONVERSION = YES;
				GCC_WARN_ABOUT_RETURN_TYPE = YES_ERROR;
				GCC_WARN_UNDECLARED_SELECTOR = YES;
				GCC_WARN_UNINITIALIZED_AUTOS = YES_AGGRESSIVE;
				GCC_WARN_UNUSED_FUNCTION = YES;
				GCC_WARN_UNUSED_VARIABLE = YES;
				IPHONEOS_DEPLOYMENT_TARGET = 16.2;
				MTL_ENABLE_DEBUG_INFO = NO;
				MTL_FAST_MATH = YES;
				SDKROOT = iphoneos;
				SWIFT_COMPILATION_MODE = wholemodule;
				SWIFT_OPTIMIZATION_LEVEL = "-O";
				VALIDATE_PRODUCT = YES;
			};
			name = Release;
		};
		E9DBAE6F29AD67DB008B65E0 /* Debug */ = {
			isa = XCBuildConfiguration;
			buildSettings = {
				ASSETCATALOG_COMPILER_APPICON_NAME = AppIcon;
				ASSETCATALOG_COMPILER_GLOBAL_ACCENT_COLOR_NAME = AccentColor;
				CODE_SIGN_STYLE = Automatic;
				CURRENT_PROJECT_VERSION = 1;
				GENERATE_INFOPLIST_FILE = YES;
				INFOPLIST_FILE = Contacts/Info.plist;
				INFOPLIST_KEY_UIApplicationSupportsIndirectInputEvents = YES;
				INFOPLIST_KEY_UILaunchStoryboardName = LaunchScreen;
				INFOPLIST_KEY_UIMainStoryboardFile = Main;
				INFOPLIST_KEY_UISupportedInterfaceOrientations_iPad = "UIInterfaceOrientationPortrait UIInterfaceOrientationPortraitUpsideDown UIInterfaceOrientationLandscapeLeft UIInterfaceOrientationLandscapeRight";
				INFOPLIST_KEY_UISupportedInterfaceOrientations_iPhone = "UIInterfaceOrientationPortrait UIInterfaceOrientationLandscapeLeft UIInterfaceOrientationLandscapeRight";
				LD_RUNPATH_SEARCH_PATHS = (
					"$(inherited)",
					"@executable_path/Frameworks",
				);
				MARKETING_VERSION = 1.0;
				PRODUCT_BUNDLE_IDENTIFIER = com.san.Contacts;
				PRODUCT_NAME = "$(TARGET_NAME)";
				SWIFT_EMIT_LOC_STRINGS = YES;
				SWIFT_VERSION = 5.0;
				TARGETED_DEVICE_FAMILY = "1,2";
			};
			name = Debug;
		};
		E9DBAE7029AD67DB008B65E0 /* Release */ = {
			isa = XCBuildConfiguration;
			buildSettings = {
				ASSETCATALOG_COMPILER_APPICON_NAME = AppIcon;
				ASSETCATALOG_COMPILER_GLOBAL_ACCENT_COLOR_NAME = AccentColor;
				CODE_SIGN_STYLE = Automatic;
				CURRENT_PROJECT_VERSION = 1;
				GENERATE_INFOPLIST_FILE = YES;
				INFOPLIST_FILE = Contacts/Info.plist;
				INFOPLIST_KEY_UIApplicationSupportsIndirectInputEvents = YES;
				INFOPLIST_KEY_UILaunchStoryboardName = LaunchScreen;
				INFOPLIST_KEY_UIMainStoryboardFile = Main;
				INFOPLIST_KEY_UISupportedInterfaceOrientations_iPad = "UIInterfaceOrientationPortrait UIInterfaceOrientationPortraitUpsideDown UIInterfaceOrientationLandscapeLeft UIInterfaceOrientationLandscapeRight";
				INFOPLIST_KEY_UISupportedInterfaceOrientations_iPhone = "UIInterfaceOrientationPortrait UIInterfaceOrientationLandscapeLeft UIInterfaceOrientationLandscapeRight";
				LD_RUNPATH_SEARCH_PATHS = (
					"$(inherited)",
					"@executable_path/Frameworks",
				);
				MARKETING_VERSION = 1.0;
				PRODUCT_BUNDLE_IDENTIFIER = com.san.Contacts;
				PRODUCT_NAME = "$(TARGET_NAME)";
				SWIFT_EMIT_LOC_STRINGS = YES;
				SWIFT_VERSION = 5.0;
				TARGETED_DEVICE_FAMILY = "1,2";
			};
			name = Release;
		};
/* End XCBuildConfiguration section */

/* Begin XCConfigurationList section */
		E9DBAE5229AD67DA008B65E0 /* Build configuration list for PBXProject "Contacts" */ = {
			isa = XCConfigurationList;
			buildConfigurations = (
				E9DBAE6C29AD67DB008B65E0 /* Debug */,
				E9DBAE6D29AD67DB008B65E0 /* Release */,
			);
			defaultConfigurationIsVisible = 0;
			defaultConfigurationName = Release;
		};
		E9DBAE6E29AD67DB008B65E0 /* Build configuration list for PBXNativeTarget "Contacts" */ = {
			isa = XCConfigurationList;
			buildConfigurations = (
				E9DBAE6F29AD67DB008B65E0 /* Debug */,
				E9DBAE7029AD67DB008B65E0 /* Release */,
			);
			defaultConfigurationIsVisible = 0;
			defaultConfigurationName = Release;
		};
/* End XCConfigurationList section */

/* Begin XCVersionGroup section */
		E9DBAE6329AD67DA008B65E0 /* Contacts.xcdatamodeld */ = {
			isa = XCVersionGroup;
			children = (
				E9DBAE6429AD67DA008B65E0 /* Contacts.xcdatamodel */,
			);
			currentVersion = E9DBAE6429AD67DA008B65E0 /* Contacts.xcdatamodel */;
			path = Contacts.xcdatamodeld;
			sourceTree = "<group>";
			versionGroupType = wrapper.xcdatamodel;
		};
/* End XCVersionGroup section */
	};
	rootObject = E9DBAE4F29AD67DA008B65E0 /* Project object */;
}
